
Microsoft Visual Studio Solution File, Format Version 12.00
# Visual Studio Version 17
VisualStudioVersion = 17.6.33801.468
MinimumVisualStudioVersion = 10.0.40219.1
Project("{FAE04EC0-301F-11D3-BF4B-00C04F79EFBC}") = "File_Exercises", "File_Exercises.csproj", "{6F77D7B8-12D2-4DC4-854A-088A69133278}"
EndProject
Global
	GlobalSection(SolutionConfigurationPlatforms) = preSolution
		Debug|Any CPU = Debug|Any CPU
		Release|Any CPU = Release|Any CPU
	EndGlobalSection
	GlobalSection(ProjectConfigurationPlatforms) = postSolution
		{6F77D7B8-12D2-4DC4-854A-088A69133278}.Debug|Any CPU.ActiveCfg = Debug|Any CPU
		{6F77D7B8-12D2-4DC4-854A-088A69133278}.Debug|Any CPU.Build.0 = Debug|Any CPU
		{6F77D7B8-12D2-4DC4-854A-088A69133278}.Release|Any CPU.ActiveCfg = Release|Any CPU
		{6F77D7B8-12D2-4DC4-854A-088A69133278}.Release|Any CPU.Build.0 = Release|Any CPU
	EndGlobalSection
	GlobalSection(SolutionProperties) = preSolution
		HideSolutionNode = FALSE
	EndGlobalSection
	GlobalSection(ExtensibilityGlobals) = postSolution
		SolutionGuid = {5BB2C211-4872-46AC-8094-8EEDEEF82BBE}
	EndGlobalSection
EndGlobal
